
Microsoft Visual Studio Solution File, Format Version 12.00
# Visual Studio Version 17
VisualStudioVersion = 17.0.31919.166
MinimumVisualStudioVersion = 10.0.40219.1
Project("{FAE04EC0-301F-11D3-BF4B-00C04F79EFBC}") = "BikeStores.MSSQL", "BikeStores.MSSQL\BikeStores.MSSQL.csproj", "{BE54F29E-9D7A-42DE-AA62-9E1AC9050AE2}"
EndProject
Global
	GlobalSection(SolutionConfigurationPlatforms) = preSolution
		Debug|Any CPU = Debug|Any CPU
		Release|Any CPU = Release|Any CPU
	EndGlobalSection
	GlobalSection(ProjectConfigurationPlatforms) = postSolution
		{BE54F29E-9D7A-42DE-AA62-9E1AC9050AE2}.Debug|Any CPU.ActiveCfg = Debug|Any CPU
		{BE54F29E-9D7A-42DE-AA62-9E1AC9050AE2}.Debug|Any CPU.Build.0 = Debug|Any CPU
		{BE54F29E-9D7A-42DE-AA62-9E1AC9050AE2}.Release|Any CPU.ActiveCfg = Release|Any CPU
		{BE54F29E-9D7A-42DE-AA62-9E1AC9050AE2}.Release|Any CPU.Build.0 = Release|Any CPU
	EndGlobalSection
	GlobalSection(SolutionProperties) = preSolution
		HideSolutionNode = FALSE
	EndGlobalSection
	GlobalSection(ExtensibilityGlobals) = postSolution
		SolutionGuid = {8035BA13-CB37-4C6A-ABAE-6155F707FD3E}
	EndGlobalSection
EndGlobal
